# This file is automatically @generated by Poetry 1.8.2 and should not be changed by hand.

[[package]]
name = "etcd3"
version = "0.12.0"
description = "Python client for the etcd3 API"
optional = false
python-versions = "*"
files = [
    {file = "etcd3-0.12.0.tar.gz", hash = "sha256:89a704cb389bf0a010a1fa050ce19342d23bf6371ebda1c21cfe8ff3ed488726"},
]

[package.dependencies]
grpcio = ">=1.27.1"
protobuf = ">=3.6.1"
six = ">=1.12.0"
tenacity = ">=6.1.0"

[[package]]
name = "grpcio"
version = "1.62.2"
description = "HTTP/2-based RPC framework"
optional = false
python-versions = ">=3.7"
files = [
    {file = "grpcio-1.62.2-cp310-cp310-linux_armv7l.whl", hash = "sha256:66344ea741124c38588a664237ac2fa16dfd226964cca23ddc96bd4accccbde5"},
    {file = "grpcio-1.62.2-cp310-cp310-macosx_12_0_universal2.whl", hash = "sha256:5dab7ac2c1e7cb6179c6bfad6b63174851102cbe0682294e6b1d6f0981ad7138"},
    {file = "grpcio-1.62.2-cp310-cp310-manylinux_2_17_aarch64.whl", hash = "sha256:3ad00f3f0718894749d5a8bb0fa125a7980a2f49523731a9b1fabf2b3522aa43"},
    {file = "grpcio-1.62.2-cp310-cp310-manylinux_2_17_i686.manylinux2014_i686.whl", hash = "sha256:2e72ddfee62430ea80133d2cbe788e0d06b12f865765cb24a40009668bd8ea05"},
    {file = "grpcio-1.62.2-cp310-cp310-manylinux_2_17_x86_64.manylinux2014_x86_64.whl", hash = "sha256:53d3a59a10af4c2558a8e563aed9f256259d2992ae0d3037817b2155f0341de1"},
    {file = "grpcio-1.62.2-cp310-cp310-musllinux_1_1_i686.whl", hash = "sha256:a1511a303f8074f67af4119275b4f954189e8313541da7b88b1b3a71425cdb10"},
    {file = "grpcio-1.62.2-cp310-cp310-musllinux_1_1_x86_64.whl", hash = "sha256:b94d41b7412ef149743fbc3178e59d95228a7064c5ab4760ae82b562bdffb199"},
    {file = "grpcio-1.62.2-cp310-cp310-win32.whl", hash = "sha256:a75af2fc7cb1fe25785be7bed1ab18cef959a376cdae7c6870184307614caa3f"},
    {file = "grpcio-1.62.2-cp310-cp310-win_amd64.whl", hash = "sha256:80407bc007754f108dc2061e37480238b0dc1952c855e86a4fc283501ee6bb5d"},
    {file = "grpcio-1.62.2-cp311-cp311-linux_armv7l.whl", hash = "sha256:c1624aa686d4b36790ed1c2e2306cc3498778dffaf7b8dd47066cf819028c3ad"},
    {file = "grpcio-1.62.2-cp311-cp311-macosx_10_10_universal2.whl", hash = "sha256:1c1bb80299bdef33309dff03932264636450c8fdb142ea39f47e06a7153d3063"},
    {file = "grpcio-1.62.2-cp311-cp311-manylinux_2_17_aarch64.whl", hash = "sha256:db068bbc9b1fa16479a82e1ecf172a93874540cb84be69f0b9cb9b7ac3c82670"},
    {file = "grpcio-1.62.2-cp311-cp311-manylinux_2_17_i686.manylinux2014_i686.whl", hash = "sha256:e2cc8a308780edbe2c4913d6a49dbdb5befacdf72d489a368566be44cadaef1a"},
    {file = "grpcio-1.62.2-cp311-cp311-manylinux_2_17_x86_64.manylinux2014_x86_64.whl", hash = "sha256:d0695ae31a89f1a8fc8256050329a91a9995b549a88619263a594ca31b76d756"},
    {file = "grpcio-1.62.2-cp311-cp311-musllinux_1_1_i686.whl", hash = "sha256:88b4f9ee77191dcdd8810241e89340a12cbe050be3e0d5f2f091c15571cd3930"},
    {file = "grpcio-1.62.2-cp311-cp311-musllinux_1_1_x86_64.whl", hash = "sha256:2a0204532aa2f1afd467024b02b4069246320405bc18abec7babab03e2644e75"},
    {file = "grpcio-1.62.2-cp311-cp311-win32.whl", hash = "sha256:6e784f60e575a0de554ef9251cbc2ceb8790914fe324f11e28450047f264ee6f"},
    {file = "grpcio-1.62.2-cp311-cp311-win_amd64.whl", hash = "sha256:112eaa7865dd9e6d7c0556c8b04ae3c3a2dc35d62ad3373ab7f6a562d8199200"},
    {file = "grpcio-1.62.2-cp312-cp312-linux_armv7l.whl", hash = "sha256:65034473fc09628a02fb85f26e73885cf1ed39ebd9cf270247b38689ff5942c5"},
    {file = "grpcio-1.62.2-cp312-cp312-macosx_10_10_universal2.whl", hash = "sha256:d2c1771d0ee3cf72d69bb5e82c6a82f27fbd504c8c782575eddb7839729fbaad"},
    {file = "grpcio-1.62.2-cp312-cp312-manylinux_2_17_aarch64.whl", hash = "sha256:3abe6838196da518863b5d549938ce3159d809218936851b395b09cad9b5d64a"},
    {file = "grpcio-1.62.2-cp312-cp312-manylinux_2_17_i686.manylinux2014_i686.whl", hash = "sha256:c5ffeb269f10cedb4f33142b89a061acda9f672fd1357331dbfd043422c94e9e"},
    {file = "grpcio-1.62.2-cp312-cp312-manylinux_2_17_x86_64.manylinux2014_x86_64.whl", hash = "sha256:404d3b4b6b142b99ba1cff0b2177d26b623101ea2ce51c25ef6e53d9d0d87bcc"},
    {file = "grpcio-1.62.2-cp312-cp312-musllinux_1_1_i686.whl", hash = "sha256:262cda97efdabb20853d3b5a4c546a535347c14b64c017f628ca0cc7fa780cc6"},
    {file = "grpcio-1.62.2-cp312-cp312-musllinux_1_1_x86_64.whl", hash = "sha256:17708db5b11b966373e21519c4c73e5a750555f02fde82276ea2a267077c68ad"},
    {file = "grpcio-1.62.2-cp312-cp312-win32.whl", hash = "sha256:b7ec9e2f8ffc8436f6b642a10019fc513722858f295f7efc28de135d336ac189"},
    {file = "grpcio-1.62.2-cp312-cp312-win_amd64.whl", hash = "sha256:aa787b83a3cd5e482e5c79be030e2b4a122ecc6c5c6c4c42a023a2b581fdf17b"},
    {file = "grpcio-1.62.2-cp37-cp37m-linux_armv7l.whl", hash = "sha256:cfd23ad29bfa13fd4188433b0e250f84ec2c8ba66b14a9877e8bce05b524cf54"},
    {file = "grpcio-1.62.2-cp37-cp37m-macosx_10_10_universal2.whl", hash = "sha256:af15e9efa4d776dfcecd1d083f3ccfb04f876d613e90ef8432432efbeeac689d"},
    {file = "grpcio-1.62.2-cp37-cp37m-manylinux_2_17_aarch64.whl", hash = "sha256:f4aa94361bb5141a45ca9187464ae81a92a2a135ce2800b2203134f7a1a1d479"},
    {file = "grpcio-1.62.2-cp37-cp37m-manylinux_2_17_i686.manylinux2014_i686.whl", hash = "sha256:82af3613a219512a28ee5c95578eb38d44dd03bca02fd918aa05603c41018051"},
    {file = "grpcio-1.62.2-cp37-cp37m-manylinux_2_17_x86_64.manylinux2014_x86_64.whl", hash = "sha256:55ddaf53474e8caeb29eb03e3202f9d827ad3110475a21245f3c7712022882a9"},
    {file = "grpcio-1.62.2-cp37-cp37m-musllinux_1_1_i686.whl", hash = "sha256:c79b518c56dddeec79e5500a53d8a4db90da995dfe1738c3ac57fe46348be049"},
    {file = "grpcio-1.62.2-cp37-cp37m-musllinux_1_1_x86_64.whl", hash = "sha256:a5eb4844e5e60bf2c446ef38c5b40d7752c6effdee882f716eb57ae87255d20a"},
    {file = "grpcio-1.62.2-cp37-cp37m-win_amd64.whl", hash = "sha256:aaae70364a2d1fb238afd6cc9fcb10442b66e397fd559d3f0968d28cc3ac929c"},
    {file = "grpcio-1.62.2-cp38-cp38-linux_armv7l.whl", hash = "sha256:1bcfe5070e4406f489e39325b76caeadab28c32bf9252d3ae960c79935a4cc36"},
    {file = "grpcio-1.62.2-cp38-cp38-macosx_10_10_universal2.whl", hash = "sha256:da6a7b6b938c15fa0f0568e482efaae9c3af31963eec2da4ff13a6d8ec2888e4"},
    {file = "grpcio-1.62.2-cp38-cp38-manylinux_2_17_aarch64.whl", hash = "sha256:41955b641c34db7d84db8d306937b72bc4968eef1c401bea73081a8d6c3d8033"},
    {file = "grpcio-1.62.2-cp38-cp38-manylinux_2_17_i686.manylinux2014_i686.whl", hash = "sha256:c772f225483905f675cb36a025969eef9712f4698364ecd3a63093760deea1bc"},
    {file = "grpcio-1.62.2-cp38-cp38-manylinux_2_17_x86_64.manylinux2014_x86_64.whl", hash = "sha256:07ce1f775d37ca18c7a141300e5b71539690efa1f51fe17f812ca85b5e73262f"},
    {file = "grpcio-1.62.2-cp38-cp38-musllinux_1_1_i686.whl", hash = "sha256:26f415f40f4a93579fd648f48dca1c13dfacdfd0290f4a30f9b9aeb745026811"},
    {file = "grpcio-1.62.2-cp38-cp38-musllinux_1_1_x86_64.whl", hash = "sha256:db707e3685ff16fc1eccad68527d072ac8bdd2e390f6daa97bc394ea7de4acea"},
    {file = "grpcio-1.62.2-cp38-cp38-win32.whl", hash = "sha256:589ea8e75de5fd6df387de53af6c9189c5231e212b9aa306b6b0d4f07520fbb9"},
    {file = "grpcio-1.62.2-cp38-cp38-win_amd64.whl", hash = "sha256:3c3ed41f4d7a3aabf0f01ecc70d6b5d00ce1800d4af652a549de3f7cf35c4abd"},
    {file = "grpcio-1.62.2-cp39-cp39-linux_armv7l.whl", hash = "sha256:162ccf61499c893831b8437120600290a99c0bc1ce7b51f2c8d21ec87ff6af8b"},
    {file = "grpcio-1.62.2-cp39-cp39-macosx_10_10_universal2.whl", hash = "sha256:f27246d7da7d7e3bd8612f63785a7b0c39a244cf14b8dd9dd2f2fab939f2d7f1"},
    {file = "grpcio-1.62.2-cp39-cp39-manylinux_2_17_aarch64.whl", hash = "sha256:2507006c8a478f19e99b6fe36a2464696b89d40d88f34e4b709abe57e1337467"},
    {file = "grpcio-1.62.2-cp39-cp39-manylinux_2_17_i686.manylinux2014_i686.whl", hash = "sha256:a90ac47a8ce934e2c8d71e317d2f9e7e6aaceb2d199de940ce2c2eb611b8c0f4"},
    {file = "grpcio-1.62.2-cp39-cp39-manylinux_2_17_x86_64.manylinux2014_x86_64.whl", hash = "sha256:99701979bcaaa7de8d5f60476487c5df8f27483624f1f7e300ff4669ee44d1f2"},
    {file = "grpcio-1.62.2-cp39-cp39-musllinux_1_1_i686.whl", hash = "sha256:af7dc3f7a44f10863b1b0ecab4078f0a00f561aae1edbd01fd03ad4dcf61c9e9"},
    {file = "grpcio-1.62.2-cp39-cp39-musllinux_1_1_x86_64.whl", hash = "sha256:fa63245271920786f4cb44dcada4983a3516be8f470924528cf658731864c14b"},
    {file = "grpcio-1.62.2-cp39-cp39-win32.whl", hash = "sha256:c6ad9c39704256ed91a1cffc1379d63f7d0278d6a0bad06b0330f5d30291e3a3"},
    {file = "grpcio-1.62.2-cp39-cp39-win_amd64.whl", hash = "sha256:16da954692fd61aa4941fbeda405a756cd96b97b5d95ca58a92547bba2c1624f"},
    {file = "grpcio-1.62.2.tar.gz", hash = "sha256:c77618071d96b7a8be2c10701a98537823b9c65ba256c0b9067e0594cdbd954d"},
]

[package.extras]
protobuf = ["grpcio-tools (>=1.62.2)"]

[[package]]
name = "protobuf"
version = "3.20.3"
description = "Protocol Buffers"
optional = false
python-versions = ">=3.7"
files = [
    {file = "protobuf-3.20.3-cp310-cp310-manylinux2014_aarch64.whl", hash = "sha256:f4bd856d702e5b0d96a00ec6b307b0f51c1982c2bf9c0052cf9019e9a544ba99"},
    {file = "protobuf-3.20.3-cp310-cp310-manylinux_2_12_x86_64.manylinux2010_x86_64.whl", hash = "sha256:9aae4406ea63d825636cc11ffb34ad3379335803216ee3a856787bcf5ccc751e"},
    {file = "protobuf-3.20.3-cp310-cp310-win32.whl", hash = "sha256:28545383d61f55b57cf4df63eebd9827754fd2dc25f80c5253f9184235db242c"},
    {file = "protobuf-3.20.3-cp310-cp310-win_amd64.whl", hash = "sha256:67a3598f0a2dcbc58d02dd1928544e7d88f764b47d4a286202913f0b2801c2e7"},
    {file = "protobuf-3.20.3-cp36-cp36m-manylinux_2_5_x86_64.manylinux1_x86_64.whl", hash = "sha256:899dc660cd599d7352d6f10d83c95df430a38b410c1b66b407a6b29265d66469"},
    {file = "protobuf-3.20.3-cp37-cp37m-macosx_10_9_x86_64.whl", hash = "sha256:e64857f395505ebf3d2569935506ae0dfc4a15cb80dc25261176c784662cdcc4"},
    {file = "protobuf-3.20.3-cp37-cp37m-manylinux2014_aarch64.whl", hash = "sha256:d9e4432ff660d67d775c66ac42a67cf2453c27cb4d738fc22cb53b5d84c135d4"},
    {file = "protobuf-3.20.3-cp37-cp37m-manylinux_2_5_x86_64.manylinux1_x86_64.whl", hash = "sha256:74480f79a023f90dc6e18febbf7b8bac7508420f2006fabd512013c0c238f454"},
    {file = "protobuf-3.20.3-cp37-cp37m-win32.whl", hash = "sha256:b6cc7ba72a8850621bfec987cb72623e703b7fe2b9127a161ce61e61558ad905"},
    {file = "protobuf-3.20.3-cp37-cp37m-win_amd64.whl", hash = "sha256:8c0c984a1b8fef4086329ff8dd19ac77576b384079247c770f29cc8ce3afa06c"},
    {file = "protobuf-3.20.3-cp38-cp38-macosx_10_9_x86_64.whl", hash = "sha256:de78575669dddf6099a8a0f46a27e82a1783c557ccc38ee620ed8cc96d3be7d7"},
    {file = "protobuf-3.20.3-cp38-cp38-manylinux2014_aarch64.whl", hash = "sha256:f4c42102bc82a51108e449cbb32b19b180022941c727bac0cfd50170341f16ee"},
    {file = "protobuf-3.20.3-cp38-cp38-manylinux_2_5_x86_64.manylinux1_x86_64.whl", hash = "sha256:44246bab5dd4b7fbd3c0c80b6f16686808fab0e4aca819ade6e8d294a29c7050"},
    {file = "protobuf-3.20.3-cp38-cp38-win32.whl", hash = "sha256:c02ce36ec760252242a33967d51c289fd0e1c0e6e5cc9397e2279177716add86"},
    {file = "protobuf-3.20.3-cp38-cp38-win_amd64.whl", hash = "sha256:447d43819997825d4e71bf5769d869b968ce96848b6479397e29fc24c4a5dfe9"},
    {file = "protobuf-3.20.3-cp39-cp39-macosx_10_9_x86_64.whl", hash = "sha256:398a9e0c3eaceb34ec1aee71894ca3299605fa8e761544934378bbc6c97de23b"},
    {file = "protobuf-3.20.3-cp39-cp39-manylinux2014_aarch64.whl", hash = "sha256:bf01b5720be110540be4286e791db73f84a2b721072a3711efff6c324cdf074b"},
    {file = "protobuf-3.20.3-cp39-cp39-manylinux_2_5_x86_64.manylinux1_x86_64.whl", hash = "sha256:daa564862dd0d39c00f8086f88700fdbe8bc717e993a21e90711acfed02f2402"},
    {file = "protobuf-3.20.3-cp39-cp39-win32.whl", hash = "sha256:819559cafa1a373b7096a482b504ae8a857c89593cf3a25af743ac9ecbd23480"},
    {file = "protobuf-3.20.3-cp39-cp39-win_amd64.whl", hash = "sha256:03038ac1cfbc41aa21f6afcbcd357281d7521b4157926f30ebecc8d4ea59dcb7"},
    {file = "protobuf-3.20.3-py2.py3-none-any.whl", hash = "sha256:a7ca6d488aa8ff7f329d4c545b2dbad8ac31464f1d8b1c87ad1346717731e4db"},
    {file = "protobuf-3.20.3.tar.gz", hash = "sha256:2e3427429c9cffebf259491be0af70189607f365c2f41c7c3764af6f337105f2"},
]

[[package]]
name = "six"
version = "1.16.0"
description = "Python 2 and 3 compatibility utilities"
optional = false
python-versions = ">=2.7, !=3.0.*, !=3.1.*, !=3.2.*"
files = [
    {file = "six-1.16.0-py2.py3-none-any.whl", hash = "sha256:8abb2f1d86890a2dfb989f9a77cfcfd3e47c2a354b01111771326f8aa26e0254"},
    {file = "six-1.16.0.tar.gz", hash = "sha256:1e61c37477a1626458e36f7b1d82aa5c9b094fa4802892072e49de9c60c4c926"},
]

[[package]]
name = "tenacity"
version = "8.2.3"
description = "Retry code until it succeeds"
optional = false
python-versions = ">=3.7"
files = [
    {file = "tenacity-8.2.3-py3-none-any.whl", hash = "sha256:ce510e327a630c9e1beaf17d42e6ffacc88185044ad85cf74c0a8887c6a0f88c"},
    {file = "tenacity-8.2.3.tar.gz", hash = "sha256:5398ef0d78e63f40007c1fb4c0bff96e1911394d2fa8d194f77619c05ff6cc8a"},
]

[package.extras]
doc = ["reno", "sphinx", "tornado (>=4.5)"]

[metadata]
lock-version = "2.0"
python-versions = "^3.11"
content-hash = "5e7816c26843cb483e8b990a2fee4dd079ecf454b423f5c9a8961ccf276a29b7"
